
Microsoft Visual Studio Solution File, Format Version 12.00
# Visual Studio 2012
Project("{8BC9CEB8-8B4A-11D0-8D11-00A0C91BC942}") = "Extra7", "Extra7\Extra7.vcxproj", "{50386AB0-C1BF-4F0D-B3CE-9E54599F4115}"
EndProject
Global
	GlobalSection(SolutionConfigurationPlatforms) = preSolution
		Debug|Win32 = Debug|Win32
		Release|Win32 = Release|Win32
	EndGlobalSection
	GlobalSection(ProjectConfigurationPlatforms) = postSolution
		{50386AB0-C1BF-4F0D-B3CE-9E54599F4115}.Debug|Win32.ActiveCfg = Debug|Win32
		{50386AB0-C1BF-4F0D-B3CE-9E54599F4115}.Debug|Win32.Build.0 = Debug|Win32
		{50386AB0-C1BF-4F0D-B3CE-9E54599F4115}.Release|Win32.ActiveCfg = Release|Win32
		{50386AB0-C1BF-4F0D-B3CE-9E54599F4115}.Release|Win32.Build.0 = Release|Win32
	EndGlobalSection
	GlobalSection(SolutionProperties) = preSolution
		HideSolutionNode = FALSE
	EndGlobalSection
EndGlobal
